// !$*UTF8*$!
{
	archiveVersion = 1;
	classes = {
	};
	objectVersion = 46;
	objects = {

/* Begin PBXBuildFile section */
		313CE16C1DDDB7A20066AC59 /* main.m in Sources */ = {isa = PBXBuildFile; fileRef = 313CE16B1DDDB7A20066AC59 /* main.m */; };
		313CE16F1DDDB7A20066AC59 /* AppDelegate.m in Sources */ = {isa = PBXBuildFile; fileRef = 313CE16E1DDDB7A20066AC59 /* AppDelegate.m */; };
		313CE1721DDDB7A20066AC59 /* ViewController.m in Sources */ = {isa = PBXBuildFile; fileRef = 313CE1711DDDB7A20066AC59 /* ViewController.m */; };
		313CE1751DDDB7A20066AC59 /* Main.storyboard in Resources */ = {isa = PBXBuildFile; fileRef = 313CE1731DDDB7A20066AC59 /* Main.storyboard */; };
		313CE1771DDDB7A20066AC59 /* Assets.xcassets in Resources */ = {isa = PBXBuildFile; fileRef = 313CE1761DDDB7A20066AC59 /* Assets.xcassets */; };
		313CE17A1DDDB7A20066AC59 /* LaunchScreen.storyboard in Resources */ = {isa = PBXBuildFile; fileRef = 313CE1781DDDB7A20066AC59 /* LaunchScreen.storyboard */; };
		313CE1851DDDB7A20066AC59 /* IHExtensionDemoTests.m in Sources */ = {isa = PBXBuildFile; fileRef = 313CE1841DDDB7A20066AC59 /* IHExtensionDemoTests.m */; };
		313CE1901DDDB7A20066AC59 /* IHExtensionDemoUITests.m in Sources */ = {isa = PBXBuildFile; fileRef = 313CE18F1DDDB7A20066AC59 /* IHExtensionDemoUITests.m */; };
		313CE1A61DDDB82C0066AC59 /* UIView+IHExtension.m in Sources */ = {isa = PBXBuildFile; fileRef = 313CE1A51DDDB82C0066AC59 /* UIView+IHExtension.m */; };
		3182D3CC1DDE0A30003D2652 /* UIControl+IHBlock.m in Sources */ = {isa = PBXBuildFile; fileRef = 3182D3CB1DDE0A30003D2652 /* UIControl+IHBlock.m */; };
		3182D3CE1DDE0ACA003D2652 /* Foundation+BMLog.m in Sources */ = {isa = PBXBuildFile; fileRef = 3182D3CD1DDE0ACA003D2652 /* Foundation+BMLog.m */; };
		3182D3D61DDE0DF0003D2652 /* UIColor+IHGradientChange.m in Sources */ = {isa = PBXBuildFile; fileRef = 3182D3D51DDE0DF0003D2652 /* UIColor+IHGradientChange.m */; };
		32827A7B1DE5373600160721 /* IHAlertView.m in Sources */ = {isa = PBXBuildFile; fileRef = 32827A7A1DE5373600160721 /* IHAlertView.m */; };
		A50D46AA3AC66317F130B087 /* libPods-IHExtensionDemo.a in Frameworks */ = {isa = PBXBuildFile; fileRef = 525F6B879A30E11C81C75B87 /* libPods-IHExtensionDemo.a */; };
/* End PBXBuildFile section */

/* Begin PBXContainerItemProxy section */
		313CE1811DDDB7A20066AC59 /* PBXContainerItemProxy */ = {
			isa = PBXContainerItemProxy;
			containerPortal = 313CE15F1DDDB7A20066AC59 /* Project object */;
			proxyType = 1;
			remoteGlobalIDString = 313CE1661DDDB7A20066AC59;
			remoteInfo = IHExtensionDemo;
		};
		313CE18C1DDDB7A20066AC59 /* PBXContainerItemProxy */ = {
			isa = PBXContainerItemProxy;
			containerPortal = 313CE15F1DDDB7A20066AC59 /* Project object */;
			proxyType = 1;
			remoteGlobalIDString = 313CE1661DDDB7A20066AC59;
			remoteInfo = IHExtensionDemo;
		};
/* End PBXContainerItemProxy section */

/* Begin PBXFileReference section */
		313CE1671DDDB7A20066AC59 /* IHExtensionDemo.app */ = {isa = PBXFileReference; explicitFileType = wrapper.application; includeInIndex = 0; path = IHExtensionDemo.app; sourceTree = BUILT_PRODUCTS_DIR; };
		313CE16B1DDDB7A20066AC59 /* main.m */ = {isa = PBXFileReference; lastKnownFileType = sourcecode.c.objc; path = main.m; sourceTree = "<group>"; };
		313CE16D1DDDB7A20066AC59 /* AppDelegate.h */ = {isa = PBXFileReference; lastKnownFileType = sourcecode.c.h; path = AppDelegate.h; sourceTree = "<group>"; };
		313CE16E1DDDB7A20066AC59 /* AppDelegate.m */ = {isa = PBXFileReference; lastKnownFileType = sourcecode.c.objc; path = AppDelegate.m; sourceTree = "<group>"; };
		313CE1701DDDB7A20066AC59 /* ViewController.h */ = {isa = PBXFileReference; lastKnownFileType = sourcecode.c.h; path = ViewController.h; sourceTree = "<group>"; };
		313CE1711DDDB7A20066AC59 /* ViewController.m */ = {isa = PBXFileReference; lastKnownFileType = sourcecode.c.objc; path = ViewController.m; sourceTree = "<group>"; };
		313CE1741DDDB7A20066AC59 /* Base */ = {isa = PBXFileReference; lastKnownFileType = file.storyboard; name = Base; path = Base.lproj/Main.storyboard; sourceTree = "<group>"; };
		313CE1761DDDB7A20066AC59 /* Assets.xcassets */ = {isa = PBXFileReference; lastKnownFileType = folder.assetcatalog; path = Assets.xcassets; sourceTree = "<group>"; };
		313CE1791DDDB7A20066AC59 /* Base */ = {isa = PBXFileReference; lastKnownFileType = file.storyboard; name = Base; path = Base.lproj/LaunchScreen.storyboard; sourceTree = "<group>"; };
		313CE17B1DDDB7A20066AC59 /* Info.plist */ = {isa = PBXFileReference; lastKnownFileType = text.plist.xml; path = Info.plist; sourceTree = "<group>"; };
		313CE1801DDDB7A20066AC59 /* IHExtensionDemoTests.xctest */ = {isa = PBXFileReference; explicitFileType = wrapper.cfbundle; includeInIndex = 0; path = IHExtensionDemoTests.xctest; sourceTree = BUILT_PRODUCTS_DIR; };
		313CE1841DDDB7A20066AC59 /* IHExtensionDemoTests.m */ = {isa = PBXFileReference; lastKnownFileType = sourcecode.c.objc; path = IHExtensionDemoTests.m; sourceTree = "<group>"; };
		313CE1861DDDB7A20066AC59 /* Info.plist */ = {isa = PBXFileReference; lastKnownFileType = text.plist.xml; path = Info.plist; sourceTree = "<group>"; };
		313CE18B1DDDB7A20066AC59 /* IHExtensionDemoUITests.xctest */ = {isa = PBXFileReference; explicitFileType = wrapper.cfbundle; includeInIndex = 0; path = IHExtensionDemoUITests.xctest; sourceTree = BUILT_PRODUCTS_DIR; };
		313CE18F1DDDB7A20066AC59 /* IHExtensionDemoUITests.m */ = {isa = PBXFileReference; lastKnownFileType = sourcecode.c.objc; path = IHExtensionDemoUITests.m; sourceTree = "<group>"; };
		313CE1911DDDB7A20066AC59 /* Info.plist */ = {isa = PBXFileReference; lastKnownFileType = text.plist.xml; path = Info.plist; sourceTree = "<group>"; };
		313CE1A41DDDB82C0066AC59 /* UIView+IHExtension.h */ = {isa = PBXFileReference; fileEncoding = 4; lastKnownFileType = sourcecode.c.h; path = "UIView+IHExtension.h"; sourceTree = "<group>"; };
		313CE1A51DDDB82C0066AC59 /* UIView+IHExtension.m */ = {isa = PBXFileReference; fileEncoding = 4; lastKnownFileType = sourcecode.c.objc; path = "UIView+IHExtension.m"; sourceTree = "<group>"; };
		3182D3CA1DDE0A30003D2652 /* UIControl+IHBlock.h */ = {isa = PBXFileReference; fileEncoding = 4; lastKnownFileType = sourcecode.c.h; path = "UIControl+IHBlock.h"; sourceTree = "<group>"; };
		3182D3CB1DDE0A30003D2652 /* UIControl+IHBlock.m */ = {isa = PBXFileReference; fileEncoding = 4; lastKnownFileType = sourcecode.c.objc; path = "UIControl+IHBlock.m"; sourceTree = "<group>"; };
		3182D3CD1DDE0ACA003D2652 /* Foundation+BMLog.m */ = {isa = PBXFileReference; fileEncoding = 4; lastKnownFileType = sourcecode.c.objc; path = "Foundation+BMLog.m"; sourceTree = "<group>"; };
		3182D3CF1DDE0D7D003D2652 /* IHExtension.h */ = {isa = PBXFileReference; fileEncoding = 4; lastKnownFileType = sourcecode.c.h; path = IHExtension.h; sourceTree = "<group>"; };
		3182D3D41DDE0DF0003D2652 /* UIColor+IHGradientChange.h */ = {isa = PBXFileReference; fileEncoding = 4; lastKnownFileType = sourcecode.c.h; path = "UIColor+IHGradientChange.h"; sourceTree = "<group>"; };
		3182D3D51DDE0DF0003D2652 /* UIColor+IHGradientChange.m */ = {isa = PBXFileReference; fileEncoding = 4; lastKnownFileType = sourcecode.c.objc; path = "UIColor+IHGradientChange.m"; sourceTree = "<group>"; };
		32827A791DE5373600160721 /* IHAlertView.h */ = {isa = PBXFileReference; fileEncoding = 4; lastKnownFileType = sourcecode.c.h; path = IHAlertView.h; sourceTree = "<group>"; };
		32827A7A1DE5373600160721 /* IHAlertView.m */ = {isa = PBXFileReference; fileEncoding = 4; lastKnownFileType = sourcecode.c.objc; path = IHAlertView.m; sourceTree = "<group>"; };
		4AEB5970B3AD3DF14B9020CE /* Pods-IHExtensionDemo.debug.xcconfig */ = {isa = PBXFileReference; includeInIndex = 1; lastKnownFileType = text.xcconfig; name = "Pods-IHExtensionDemo.debug.xcconfig"; path = "Pods/Target Support Files/Pods-IHExtensionDemo/Pods-IHExtensionDemo.debug.xcconfig"; sourceTree = "<group>"; };
		525F6B879A30E11C81C75B87 /* libPods-IHExtensionDemo.a */ = {isa = PBXFileReference; explicitFileType = archive.ar; includeInIndex = 0; path = "libPods-IHExtensionDemo.a"; sourceTree = BUILT_PRODUCTS_DIR; };
		76E55DEEBA1A775B7A165954 /* Pods-IHExtensionDemo.release.xcconfig */ = {isa = PBXFileReference; includeInIndex = 1; lastKnownFileType = text.xcconfig; name = "Pods-IHExtensionDemo.release.xcconfig"; path = "Pods/Target Support Files/Pods-IHExtensionDemo/Pods-IHExtensionDemo.release.xcconfig"; sourceTree = "<group>"; };
		B246A7F93416CEEF73E1C5ED /* libPods-IHExtensionDemoTests.a */ = {isa = PBXFileReference; explicitFileType = archive.ar; includeInIndex = 0; path = "libPods-IHExtensionDemoTests.a"; sourceTree = BUILT_PRODUCTS_DIR; };
		CAE27BB3C5A5BEE93B08F665 /* libPods-IHExtensionDemoUITests.a */ = {isa = PBXFileReference; explicitFileType = archive.ar; includeInIndex = 0; path = "libPods-IHExtensionDemoUITests.a"; sourceTree = BUILT_PRODUCTS_DIR; };
/* End PBXFileReference section */

/* Begin PBXFrameworksBuildPhase section */
		313CE1641DDDB7A20066AC59 /* Frameworks */ = {
			isa = PBXFrameworksBuildPhase;
			buildActionMask = 2147483647;
			files = (
				A50D46AA3AC66317F130B087 /* libPods-IHExtensionDemo.a in Frameworks */,
			);
			runOnlyForDeploymentPostprocessing = 0;
		};
		313CE17D1DDDB7A20066AC59 /* Frameworks */ = {
			isa = PBXFrameworksBuildPhase;
			buildActionMask = 2147483647;
			files = (
			);
			runOnlyForDeploymentPostprocessing = 0;
		};
		313CE1881DDDB7A20066AC59 /* Frameworks */ = {
			isa = PBXFrameworksBuildPhase;
			buildActionMask = 2147483647;
			files = (
			);
			runOnlyForDeploymentPostprocessing = 0;
		};
/* End PBXFrameworksBuildPhase section */

/* Begin PBXGroup section */
		313CE15E1DDDB7A20066AC59 = {
			isa = PBXGroup;
			children = (
				313CE1A01DDDB82C0066AC59 /* IHExtension */,
				313CE1691DDDB7A20066AC59 /* IHExtensionDemo */,
				313CE1831DDDB7A20066AC59 /* IHExtensionDemoTests */,
				313CE18E1DDDB7A20066AC59 /* IHExtensionDemoUITests */,
				313CE1681DDDB7A20066AC59 /* Products */,
				ADB3C1A8A99955C13D6C4DB2 /* Pods */,
				99D852B7B9FD564F74DA4CF5 /* Frameworks */,
			);
			sourceTree = "<group>";
		};
		313CE1681DDDB7A20066AC59 /* Products */ = {
			isa = PBXGroup;
			children = (
				313CE1671DDDB7A20066AC59 /* IHExtensionDemo.app */,
				313CE1801DDDB7A20066AC59 /* IHExtensionDemoTests.xctest */,
				313CE18B1DDDB7A20066AC59 /* IHExtensionDemoUITests.xctest */,
			);
			name = Products;
			sourceTree = "<group>";
		};
		313CE1691DDDB7A20066AC59 /* IHExtensionDemo */ = {
			isa = PBXGroup;
			children = (
				313CE16D1DDDB7A20066AC59 /* AppDelegate.h */,
				313CE16E1DDDB7A20066AC59 /* AppDelegate.m */,
				313CE1701DDDB7A20066AC59 /* ViewController.h */,
				313CE1711DDDB7A20066AC59 /* ViewController.m */,
				313CE1731DDDB7A20066AC59 /* Main.storyboard */,
				313CE1761DDDB7A20066AC59 /* Assets.xcassets */,
				313CE1781DDDB7A20066AC59 /* LaunchScreen.storyboard */,
				313CE17B1DDDB7A20066AC59 /* Info.plist */,
				313CE16A1DDDB7A20066AC59 /* Supporting Files */,
			);
			path = IHExtensionDemo;
			sourceTree = "<group>";
		};
		313CE16A1DDDB7A20066AC59 /* Supporting Files */ = {
			isa = PBXGroup;
			children = (
				313CE16B1DDDB7A20066AC59 /* main.m */,
			);
			name = "Supporting Files";
			sourceTree = "<group>";
		};
		313CE1831DDDB7A20066AC59 /* IHExtensionDemoTests */ = {
			isa = PBXGroup;
			children = (
				313CE1841DDDB7A20066AC59 /* IHExtensionDemoTests.m */,
				313CE1861DDDB7A20066AC59 /* Info.plist */,
			);
			path = IHExtensionDemoTests;
			sourceTree = "<group>";
		};
		313CE18E1DDDB7A20066AC59 /* IHExtensionDemoUITests */ = {
			isa = PBXGroup;
			children = (
				313CE18F1DDDB7A20066AC59 /* IHExtensionDemoUITests.m */,
				313CE1911DDDB7A20066AC59 /* Info.plist */,
			);
			path = IHExtensionDemoUITests;
			sourceTree = "<group>";
		};
		313CE1A01DDDB82C0066AC59 /* IHExtension */ = {
			isa = PBXGroup;
			children = (
				3182D3CF1DDE0D7D003D2652 /* IHExtension.h */,
				313CE1A11DDDB82C0066AC59 /* Foundation */,
				313CE1A21DDDB82C0066AC59 /* UIKit */,
			);
			path = IHExtension;
			sourceTree = "<group>";
		};
		313CE1A11DDDB82C0066AC59 /* Foundation */ = {
			isa = PBXGroup;
			children = (
				3182D3CD1DDE0ACA003D2652 /* Foundation+BMLog.m */,
			);
			path = Foundation;
			sourceTree = "<group>";
		};
		313CE1A21DDDB82C0066AC59 /* UIKit */ = {
			isa = PBXGroup;
			children = (
				32827A781DE5373600160721 /* IHAlertView */,
				3182D3D01DDE0DC0003D2652 /* UIColor */,
				3182D3C91DDE0A1A003D2652 /* UIControl */,
				313CE1A31DDDB82C0066AC59 /* UIView */,
			);
			path = UIKit;
			sourceTree = "<group>";
		};
		313CE1A31DDDB82C0066AC59 /* UIView */ = {
			isa = PBXGroup;
			children = (
				313CE1A41DDDB82C0066AC59 /* UIView+IHExtension.h */,
				313CE1A51DDDB82C0066AC59 /* UIView+IHExtension.m */,
			);
			path = UIView;
			sourceTree = "<group>";
		};
		3182D3C91DDE0A1A003D2652 /* UIControl */ = {
			isa = PBXGroup;
			children = (
				3182D3CA1DDE0A30003D2652 /* UIControl+IHBlock.h */,
				3182D3CB1DDE0A30003D2652 /* UIControl+IHBlock.m */,
			);
			path = UIControl;
			sourceTree = "<group>";
		};
		3182D3D01DDE0DC0003D2652 /* UIColor */ = {
			isa = PBXGroup;
			children = (
				3182D3D41DDE0DF0003D2652 /* UIColor+IHGradientChange.h */,
				3182D3D51DDE0DF0003D2652 /* UIColor+IHGradientChange.m */,
			);
			path = UIColor;
			sourceTree = "<group>";
		};
		32827A781DE5373600160721 /* IHAlertView */ = {
			isa = PBXGroup;
			children = (
				32827A791DE5373600160721 /* IHAlertView.h */,
				32827A7A1DE5373600160721 /* IHAlertView.m */,
			);
			path = IHAlertView;
			sourceTree = "<group>";
		};
		99D852B7B9FD564F74DA4CF5 /* Frameworks */ = {
			isa = PBXGroup;
			children = (
				525F6B879A30E11C81C75B87 /* libPods-IHExtensionDemo.a */,
				B246A7F93416CEEF73E1C5ED /* libPods-IHExtensionDemoTests.a */,
				CAE27BB3C5A5BEE93B08F665 /* libPods-IHExtensionDemoUITests.a */,
			);
			name = Frameworks;
			sourceTree = "<group>";
		};
		ADB3C1A8A99955C13D6C4DB2 /* Pods */ = {
			isa = PBXGroup;
			children = (
				4AEB5970B3AD3DF14B9020CE /* Pods-IHExtensionDemo.debug.xcconfig */,
				76E55DEEBA1A775B7A165954 /* Pods-IHExtensionDemo.release.xcconfig */,
			);
			name = Pods;
			sourceTree = "<group>";
		};
/* End PBXGroup section */

/* Begin PBXNativeTarget section */
		313CE1661DDDB7A20066AC59 /* IHExtensionDemo */ = {
			isa = PBXNativeTarget;
			buildConfigurationList = 313CE1941DDDB7A20066AC59 /* Build configuration list for PBXNativeTarget "IHExtensionDemo" */;
			buildPhases = (
				2A3D456731F80EE3FC22686C /* [CP] Check Pods Manifest.lock */,
				313CE1631DDDB7A20066AC59 /* Sources */,
				313CE1641DDDB7A20066AC59 /* Frameworks */,
				313CE1651DDDB7A20066AC59 /* Resources */,
				B527C9EEAE7F0F9F0BDA3617 /* [CP] Embed Pods Frameworks */,
				1148017B5D24613F65A7EEC2 /* [CP] Copy Pods Resources */,
			);
			buildRules = (
			);
			dependencies = (
			);
			name = IHExtensionDemo;
			productName = IHExtensionDemo;
			productReference = 313CE1671DDDB7A20066AC59 /* IHExtensionDemo.app */;
			productType = "com.apple.product-type.application";
		};
		313CE17F1DDDB7A20066AC59 /* IHExtensionDemoTests */ = {
			isa = PBXNativeTarget;
			buildConfigurationList = 313CE1971DDDB7A20066AC59 /* Build configuration list for PBXNativeTarget "IHExtensionDemoTests" */;
			buildPhases = (
				313CE17C1DDDB7A20066AC59 /* Sources */,
				313CE17D1DDDB7A20066AC59 /* Frameworks */,
				313CE17E1DDDB7A20066AC59 /* Resources */,
			);
			buildRules = (
			);
			dependencies = (
				313CE1821DDDB7A20066AC59 /* PBXTargetDependency */,
			);
			name = IHExtensionDemoTests;
			productName = IHExtensionDemoTests;
			productReference = 313CE1801DDDB7A20066AC59 /* IHExtensionDemoTests.xctest */;
			productType = "com.apple.product-type.bundle.unit-test";
		};
		313CE18A1DDDB7A20066AC59 /* IHExtensionDemoUITests */ = {
			isa = PBXNativeTarget;
			buildConfigurationList = 313CE19A1DDDB7A20066AC59 /* Build configuration list for PBXNativeTarget "IHExtensionDemoUITests" */;
			buildPhases = (
				313CE1871DDDB7A20066AC59 /* Sources */,
				313CE1881DDDB7A20066AC59 /* Frameworks */,
				313CE1891DDDB7A20066AC59 /* Resources */,
			);
			buildRules = (
			);
			dependencies = (
				313CE18D1DDDB7A20066AC59 /* PBXTargetDependency */,
			);
			name = IHExtensionDemoUITests;
			productName = IHExtensionDemoUITests;
			productReference = 313CE18B1DDDB7A20066AC59 /* IHExtensionDemoUITests.xctest */;
			productType = "com.apple.product-type.bundle.ui-testing";
		};
/* End PBXNativeTarget section */

/* Begin PBXProject section */
		313CE15F1DDDB7A20066AC59 /* Project object */ = {
			isa = PBXProject;
			attributes = {
				LastUpgradeCheck = 0800;
				ORGANIZATIONNAME = "http://idhong.com/";
				TargetAttributes = {
					313CE1661DDDB7A20066AC59 = {
						CreatedOnToolsVersion = 8.0;
						DevelopmentTeam = 8RB35RM424;
						ProvisioningStyle = Automatic;
					};
					313CE17F1DDDB7A20066AC59 = {
						CreatedOnToolsVersion = 8.0;
						DevelopmentTeam = 8RB35RM424;
						ProvisioningStyle = Automatic;
						TestTargetID = 313CE1661DDDB7A20066AC59;
					};
					313CE18A1DDDB7A20066AC59 = {
						CreatedOnToolsVersion = 8.0;
						DevelopmentTeam = 8RB35RM424;
						ProvisioningStyle = Automatic;
						TestTargetID = 313CE1661DDDB7A20066AC59;
					};
				};
			};
			buildConfigurationList = 313CE1621DDDB7A20066AC59 /* Build configuration list for PBXProject "IHExtensionDemo" */;
			compatibilityVersion = "Xcode 3.2";
			developmentRegion = English;
			hasScannedForEncodings = 0;
			knownRegions = (
				en,
				Base,
			);
			mainGroup = 313CE15E1DDDB7A20066AC59;
			productRefGroup = 313CE1681DDDB7A20066AC59 /* Products */;
			projectDirPath = "";
			projectRoot = "";
			targets = (
				313CE1661DDDB7A20066AC59 /* IHExtensionDemo */,
				313CE17F1DDDB7A20066AC59 /* IHExtensionDemoTests */,
				313CE18A1DDDB7A20066AC59 /* IHExtensionDemoUITests */,
			);
		};
/* End PBXProject section */

/* Begin PBXResourcesBuildPhase section */
		313CE1651DDDB7A20066AC59 /* Resources */ = {
			isa = PBXResourcesBuildPhase;
			buildActionMask = 2147483647;
			files = (
				313CE17A1DDDB7A20066AC59 /* LaunchScreen.storyboard in Resources */,
				313CE1771DDDB7A20066AC59 /* Assets.xcassets in Resources */,
				313CE1751DDDB7A20066AC59 /* Main.storyboard in Resources */,
			);
			runOnlyForDeploymentPostprocessing = 0;
		};
		313CE17E1DDDB7A20066AC59 /* Resources */ = {
			isa = PBXResourcesBuildPhase;
			buildActionMask = 2147483647;
			files = (
			);
			runOnlyForDeploymentPostprocessing = 0;
		};
		313CE1891DDDB7A20066AC59 /* Resources */ = {
			isa = PBXResourcesBuildPhase;
			buildActionMask = 2147483647;
			files = (
			);
			runOnlyForDeploymentPostprocessing = 0;
		};
/* End PBXResourcesBuildPhase section */

/* Begin PBXShellScriptBuildPhase section */
		1148017B5D24613F65A7EEC2 /* [CP] Copy Pods Resources */ = {
			isa = PBXShellScriptBuildPhase;
			buildActionMask = 2147483647;
			files = (
			);
			inputPaths = (
			);
			name = "[CP] Copy Pods Resources";
			outputPaths = (
			);
			runOnlyForDeploymentPostprocessing = 0;
			shellPath = /bin/sh;
			shellScript = "\"${SRCROOT}/Pods/Target Support Files/Pods-IHExtensionDemo/Pods-IHExtensionDemo-resources.sh\"\n";
			showEnvVarsInLog = 0;
		};
		2A3D456731F80EE3FC22686C /* [CP] Check Pods Manifest.lock */ = {
			isa = PBXShellScriptBuildPhase;
			buildActionMask = 2147483647;
			files = (
			);
			inputPaths = (
			);
			name = "[CP] Check Pods Manifest.lock";
			outputPaths = (
			);
			runOnlyForDeploymentPostprocessing = 0;
			shellPath = /bin/sh;
			shellScript = "diff \"${PODS_ROOT}/../Podfile.lock\" \"${PODS_ROOT}/Manifest.lock\" > /dev/null\nif [ $? != 0 ] ; then\n    # print error to STDERR\n    echo \"error: The sandbox is not in sync with the Podfile.lock. Run 'pod install' or update your CocoaPods installation.\" >&2\n    exit 1\nfi\n";
			showEnvVarsInLog = 0;
		};
		B527C9EEAE7F0F9F0BDA3617 /* [CP] Embed Pods Frameworks */ = {
			isa = PBXShellScriptBuildPhase;
			buildActionMask = 2147483647;
			files = (
			);
			inputPaths = (
			);
			name = "[CP] Embed Pods Frameworks";
			outputPaths = (
			);
			runOnlyForDeploymentPostprocessing = 0;
			shellPath = /bin/sh;
			shellScript = "\"${SRCROOT}/Pods/Target Support Files/Pods-IHExtensionDemo/Pods-IHExtensionDemo-frameworks.sh\"\n";
			showEnvVarsInLog = 0;
		};
/* End PBXShellScriptBuildPhase section */

/* Begin PBXSourcesBuildPhase section */
		313CE1631DDDB7A20066AC59 /* Sources */ = {
			isa = PBXSourcesBuildPhase;
			buildActionMask = 2147483647;
			files = (
				3182D3CE1DDE0ACA003D2652 /* Foundation+BMLog.m in Sources */,
				3182D3D61DDE0DF0003D2652 /* UIColor+IHGradientChange.m in Sources */,
				313CE1721DDDB7A20066AC59 /* ViewController.m in Sources */,
				313CE1A61DDDB82C0066AC59 /* UIView+IHExtension.m in Sources */,
				32827A7B1DE5373600160721 /* IHAlertView.m in Sources */,
				3182D3CC1DDE0A30003D2652 /* UIControl+IHBlock.m in Sources */,
				313CE16F1DDDB7A20066AC59 /* AppDelegate.m in Sources */,
				313CE16C1DDDB7A20066AC59 /* main.m in Sources */,
			);
			runOnlyForDeploymentPostprocessing = 0;
		};
		313CE17C1DDDB7A20066AC59 /* Sources */ = {
			isa = PBXSourcesBuildPhase;
			buildActionMask = 2147483647;
			files = (
				313CE1851DDDB7A20066AC59 /* IHExtensionDemoTests.m in Sources */,
			);
			runOnlyForDeploymentPostprocessing = 0;
		};
		313CE1871DDDB7A20066AC59 /* Sources */ = {
			isa = PBXSourcesBuildPhase;
			buildActionMask = 2147483647;
			files = (
				313CE1901DDDB7A20066AC59 /* IHExtensionDemoUITests.m in Sources */,
			);
			runOnlyForDeploymentPostprocessing = 0;
		};
/* End PBXSourcesBuildPhase section */

/* Begin PBXTargetDependency section */
		313CE1821DDDB7A20066AC59 /* PBXTargetDependency */ = {
			isa = PBXTargetDependency;
			target = 313CE1661DDDB7A20066AC59 /* IHExtensionDemo */;
			targetProxy = 313CE1811DDDB7A20066AC59 /* PBXContainerItemProxy */;
		};
		313CE18D1DDDB7A20066AC59 /* PBXTargetDependency */ = {
			isa = PBXTargetDependency;
			target = 313CE1661DDDB7A20066AC59 /* IHExtensionDemo */;
			targetProxy = 313CE18C1DDDB7A20066AC59 /* PBXContainerItemProxy */;
		};
/* End PBXTargetDependency section */

/* Begin PBXVariantGroup section */
		313CE1731DDDB7A20066AC59 /* Main.storyboard */ = {
			isa = PBXVariantGroup;
			children = (
				313CE1741DDDB7A20066AC59 /* Base */,
			);
			name = Main.storyboard;
			sourceTree = "<group>";
		};
		313CE1781DDDB7A20066AC59 /* LaunchScreen.storyboard */ = {
			isa = PBXVariantGroup;
			children = (
				313CE1791DDDB7A20066AC59 /* Base */,
			);
			name = LaunchScreen.storyboard;
			sourceTree = "<group>";
		};
/* End PBXVariantGroup section */

/* Begin XCBuildConfiguration section */
		313CE1921DDDB7A20066AC59 /* Debug */ = {
			isa = XCBuildConfiguration;
			buildSettings = {
				ALWAYS_SEARCH_USER_PATHS = NO;
				CLANG_ANALYZER_NONNULL = YES;
				CLANG_CXX_LANGUAGE_STANDARD = "gnu++0x";
				CLANG_CXX_LIBRARY = "libc++";
				CLANG_ENABLE_MODULES = YES;
				CLANG_ENABLE_OBJC_ARC = YES;
				CLANG_WARN_BOOL_CONVERSION = YES;
				CLANG_WARN_CONSTANT_CONVERSION = YES;
				CLANG_WARN_DIRECT_OBJC_ISA_USAGE = YES_ERROR;
				CLANG_WARN_DOCUMENTATION_COMMENTS = YES;
				CLANG_WARN_EMPTY_BODY = YES;
				CLANG_WARN_ENUM_CONVERSION = YES;
				CLANG_WARN_INFINITE_RECURSION = YES;
				CLANG_WARN_INT_CONVERSION = YES;
				CLANG_WARN_OBJC_ROOT_CLASS = YES_ERROR;
				CLANG_WARN_SUSPICIOUS_MOVES = YES;
				CLANG_WARN_UNREACHABLE_CODE = YES;
				CLANG_WARN__DUPLICATE_METHOD_MATCH = YES;
				"CODE_SIGN_IDENTITY[sdk=iphoneos*]" = "iPhone Developer";
				COPY_PHASE_STRIP = NO;
				DEBUG_INFORMATION_FORMAT = dwarf;
				ENABLE_STRICT_OBJC_MSGSEND = YES;
				ENABLE_TESTABILITY = YES;
				GCC_C_LANGUAGE_STANDARD = gnu99;
				GCC_DYNAMIC_NO_PIC = NO;
				GCC_NO_COMMON_BLOCKS = YES;
				GCC_OPTIMIZATION_LEVEL = 0;
				GCC_PREPROCESSOR_DEFINITIONS = (
					"DEBUG=1",
					"$(inherited)",
				);
				GCC_WARN_64_TO_32_BIT_CONVERSION = YES;
				GCC_WARN_ABOUT_RETURN_TYPE = YES_ERROR;
				GCC_WARN_UNDECLARED_SELECTOR = YES;
				GCC_WARN_UNINITIALIZED_AUTOS = YES_AGGRESSIVE;
				GCC_WARN_UNUSED_FUNCTION = YES;
				GCC_WARN_UNUSED_VARIABLE = YES;
				IPHONEOS_DEPLOYMENT_TARGET = 10.0;
				MTL_ENABLE_DEBUG_INFO = YES;
				ONLY_ACTIVE_ARCH = YES;
				SDKROOT = iphoneos;
				TARGETED_DEVICE_FAMILY = "1,2";
			};
			name = Debug;
		};
		313CE1931DDDB7A20066AC59 /* Release */ = {
			isa = XCBuildConfiguration;
			buildSettings = {
				ALWAYS_SEARCH_USER_PATHS = NO;
				CLANG_ANALYZER_NONNULL = YES;
				CLANG_CXX_LANGUAGE_STANDARD = "gnu++0x";
				CLANG_CXX_LIBRARY = "libc++";
				CLANG_ENABLE_MODULES = YES;
				CLANG_ENABLE_OBJC_ARC = YES;
				CLANG_WARN_BOOL_CONVERSION = YES;
				CLANG_WARN_CONSTANT_CONVERSION = YES;
				CLANG_WARN_DIRECT_OBJC_ISA_USAGE = YES_ERROR;
				CLANG_WARN_DOCUMENTATION_COMMENTS = YES;
				CLANG_WARN_EMPTY_BODY = YES;
				CLANG_WARN_ENUM_CONVERSION = YES;
				CLANG_WARN_INFINITE_RECURSION = YES;
				CLANG_WARN_INT_CONVERSION = YES;
				CLANG_WARN_OBJC_ROOT_CLASS = YES_ERROR;
				CLANG_WARN_SUSPICIOUS_MOVES = YES;
				CLANG_WARN_UNREACHABLE_CODE = YES;
				CLANG_WARN__DUPLICATE_METHOD_MATCH = YES;
				"CODE_SIGN_IDENTITY[sdk=iphoneos*]" = "iPhone Developer";
				COPY_PHASE_STRIP = NO;
				DEBUG_INFORMATION_FORMAT = "dwarf-with-dsym";
				ENABLE_NS_ASSERTIONS = NO;
				ENABLE_STRICT_OBJC_MSGSEND = YES;
				GCC_C_LANGUAGE_STANDARD = gnu99;
				GCC_NO_COMMON_BLOCKS = YES;
				GCC_WARN_64_TO_32_BIT_CONVERSION = YES;
				GCC_WARN_ABOUT_RETURN_TYPE = YES_ERROR;
				GCC_WARN_UNDECLARED_SELECTOR = YES;
				GCC_WARN_UNINITIALIZED_AUTOS = YES_AGGRESSIVE;
				GCC_WARN_UNUSED_FUNCTION = YES;
				GCC_WARN_UNUSED_VARIABLE = YES;
				IPHONEOS_DEPLOYMENT_TARGET = 10.0;
				MTL_ENABLE_DEBUG_INFO = NO;
				SDKROOT = iphoneos;
				TARGETED_DEVICE_FAMILY = "1,2";
				VALIDATE_PRODUCT = YES;
			};
			name = Release;
		};
		313CE1951DDDB7A20066AC59 /* Debug */ = {
			isa = XCBuildConfiguration;
			baseConfigurationReference = 4AEB5970B3AD3DF14B9020CE /* Pods-IHExtensionDemo.debug.xcconfig */;
			buildSettings = {
				ASSETCATALOG_COMPILER_APPICON_NAME = AppIcon;
				DEVELOPMENT_TEAM = 8RB35RM424;
				INFOPLIST_FILE = IHExtensionDemo/Info.plist;
				IPHONEOS_DEPLOYMENT_TARGET = 8.0;
				LD_RUNPATH_SEARCH_PATHS = "$(inherited) @executable_path/Frameworks";
				PRODUCT_BUNDLE_IDENTIFIER = com.idhong.IHExtensionDemo;
				PRODUCT_NAME = "$(TARGET_NAME)";
			};
			name = Debug;
		};
		313CE1961DDDB7A20066AC59 /* Release */ = {
			isa = XCBuildConfiguration;
			baseConfigurationReference = 76E55DEEBA1A775B7A165954 /* Pods-IHExtensionDemo.release.xcconfig */;
			buildSettings = {
				ASSETCATALOG_COMPILER_APPICON_NAME = AppIcon;
				DEVELOPMENT_TEAM = 8RB35RM424;
				INFOPLIST_FILE = IHExtensionDemo/Info.plist;
				IPHONEOS_DEPLOYMENT_TARGET = 8.0;
				LD_RUNPATH_SEARCH_PATHS = "$(inherited) @executable_path/Frameworks";
				PRODUCT_BUNDLE_IDENTIFIER = com.idhong.IHExtensionDemo;
				PRODUCT_NAME = "$(TARGET_NAME)";
			};
			name = Release;
		};
		313CE1981DDDB7A20066AC59 /* Debug */ = {
			isa = XCBuildConfiguration;
			buildSettings = {
				BUNDLE_LOADER = "$(TEST_HOST)";
				DEVELOPMENT_TEAM = 8RB35RM424;
				INFOPLIST_FILE = IHExtensionDemoTests/Info.plist;
				LD_RUNPATH_SEARCH_PATHS = "$(inherited) @executable_path/Frameworks @loader_path/Frameworks";
				PRODUCT_BUNDLE_IDENTIFIER = com.idhong.IHExtensionDemoTests;
				PRODUCT_NAME = "$(TARGET_NAME)";
				TEST_HOST = "$(BUILT_PRODUCTS_DIR)/IHExtensionDemo.app/IHExtensionDemo";
			};
			name = Debug;
		};
		313CE1991DDDB7A20066AC59 /* Release */ = {
			isa = XCBuildConfiguration;
			buildSettings = {
				BUNDLE_LOADER = "$(TEST_HOST)";
				DEVELOPMENT_TEAM = 8RB35RM424;
				INFOPLIST_FILE = IHExtensionDemoTests/Info.plist;
				LD_RUNPATH_SEARCH_PATHS = "$(inherited) @executable_path/Frameworks @loader_path/Frameworks";
				PRODUCT_BUNDLE_IDENTIFIER = com.idhong.IHExtensionDemoTests;
				PRODUCT_NAME = "$(TARGET_NAME)";
				TEST_HOST = "$(BUILT_PRODUCTS_DIR)/IHExtensionDemo.app/IHExtensionDemo";
			};
			name = Release;
		};
		313CE19B1DDDB7A20066AC59 /* Debug */ = {
			isa = XCBuildConfiguration;
			buildSettings = {
				DEVELOPMENT_TEAM = 8RB35RM424;
				INFOPLIST_FILE = IHExtensionDemoUITests/Info.plist;
				LD_RUNPATH_SEARCH_PATHS = "$(inherited) @executable_path/Frameworks @loader_path/Frameworks";
				PRODUCT_BUNDLE_IDENTIFIER = com.idhong.IHExtensionDemoUITests;
				PRODUCT_NAME = "$(TARGET_NAME)";
				TEST_TARGET_NAME = IHExtensionDemo;
			};
			name = Debug;
		};
		313CE19C1DDDB7A20066AC59 /* Release */ = {
			isa = XCBuildConfiguration;
			buildSettings = {
				DEVELOPMENT_TEAM = 8RB35RM424;
				INFOPLIST_FILE = IHExtensionDemoUITests/Info.plist;
				LD_RUNPATH_SEARCH_PATHS = "$(inherited) @executable_path/Frameworks @loader_path/Frameworks";
				PRODUCT_BUNDLE_IDENTIFIER = com.idhong.IHExtensionDemoUITests;
				PRODUCT_NAME = "$(TARGET_NAME)";
				TEST_TARGET_NAME = IHExtensionDemo;
			};
			name = Release;
		};
/* End XCBuildConfiguration section */

/* Begin XCConfigurationList section */
		313CE1621DDDB7A20066AC59 /* Build configuration list for PBXProject "IHExtensionDemo" */ = {
			isa = XCConfigurationList;
			buildConfigurations = (
				313CE1921DDDB7A20066AC59 /* Debug */,
				313CE1931DDDB7A20066AC59 /* Release */,
			);
			defaultConfigurationIsVisible = 0;
			defaultConfigurationName = Release;
		};
		313CE1941DDDB7A20066AC59 /* Build configuration list for PBXNativeTarget "IHExtensionDemo" */ = {
			isa = XCConfigurationList;
			buildConfigurations = (
				313CE1951DDDB7A20066AC59 /* Debug */,
				313CE1961DDDB7A20066AC59 /* Release */,
			);
			defaultConfigurationIsVisible = 0;
			defaultConfigurationName = Release;
		};
		313CE1971DDDB7A20066AC59 /* Build configuration list for PBXNativeTarget "IHExtensionDemoTests" */ = {
			isa = XCConfigurationList;
			buildConfigurations = (
				313CE1981DDDB7A20066AC59 /* Debug */,
				313CE1991DDDB7A20066AC59 /* Release */,
			);
			defaultConfigurationIsVisible = 0;
			defaultConfigurationName = Release;
		};
		313CE19A1DDDB7A20066AC59 /* Build configuration list for PBXNativeTarget "IHExtensionDemoUITests" */ = {
			isa = XCConfigurationList;
			buildConfigurations = (
				313CE19B1DDDB7A20066AC59 /* Debug */,
				313CE19C1DDDB7A20066AC59 /* Release */,
			);
			defaultConfigurationIsVisible = 0;
			defaultConfigurationName = Release;
		};
/* End XCConfigurationList section */
	};
	rootObject = 313CE15F1DDDB7A20066AC59 /* Project object */;
}
